// !$*UTF8*$!
{
	archiveVersion = 1;
	classes = {
	};
	objectVersion = 48;
	objects = {

/* Begin PBXBuildFile section */
		ECD48FC02057FF4100A7D5FF /* AppDelegate.swift in Sources */ = {isa = PBXBuildFile; fileRef = ECD48FBF2057FF4100A7D5FF /* AppDelegate.swift */; };
		ECD48FC22057FF4100A7D5FF /* ViewController.swift in Sources */ = {isa = PBXBuildFile; fileRef = ECD48FC12057FF4100A7D5FF /* ViewController.swift */; };
		ECD48FC52057FF4100A7D5FF /* Main.storyboard in Resources */ = {isa = PBXBuildFile; fileRef = ECD48FC32057FF4100A7D5FF /* Main.storyboard */; };
		ECD48FC72057FF4100A7D5FF /* Assets.xcassets in Resources */ = {isa = PBXBuildFile; fileRef = ECD48FC62057FF4100A7D5FF /* Assets.xcassets */; };
		ECD48FCA2057FF4100A7D5FF /* LaunchScreen.storyboard in Resources */ = {isa = PBXBuildFile; fileRef = ECD48FC82057FF4100A7D5FF /* LaunchScreen.storyboard */; };
/* End PBXBuildFile section */

/* Begin PBXFileReference section */
		ECD48FBC2057FF4100A7D5FF /* StackUI.app */ = {isa = PBXFileReference; explicitFileType = wrapper.application; includeInIndex = 0; path = StackUI.app; sourceTree = BUILT_PRODUCTS_DIR; };
		ECD48FBF2057FF4100A7D5FF /* AppDelegate.swift */ = {isa = PBXFileReference; lastKnownFileType = sourcecode.swift; path = AppDelegate.swift; sourceTree = "<group>"; };
		ECD48FC12057FF4100A7D5FF /* ViewController.swift */ = {isa = PBXFileReference; lastKnownFileType = sourcecode.swift; path = ViewController.swift; sourceTree = "<group>"; };
		ECD48FC42057FF4100A7D5FF /* Base */ = {isa = PBXFileReference; lastKnownFileType = file.storyboard; name = Base; path = Base.lproj/Main.storyboard; sourceTree = "<group>"; };
		ECD48FC62057FF4100A7D5FF /* Assets.xcassets */ = {isa = PBXFileReference; lastKnownFileType = folder.assetcatalog; path = Assets.xcassets; sourceTree = "<group>"; };
		ECD48FC92057FF4100A7D5FF /* Base */ = {isa = PBXFileReference; lastKnownFileType = file.storyboard; name = Base; path = Base.lproj/LaunchScreen.storyboard; sourceTree = "<group>"; };
		ECD48FCB2057FF4100A7D5FF /* Info.plist */ = {isa = PBXFileReference; lastKnownFileType = text.plist.xml; path = Info.plist; sourceTree = "<group>"; };
/* End PBXFileReference section */

/* Begin PBXFrameworksBuildPhase section */
		ECD48FB92057FF4100A7D5FF /* Frameworks */ = {
			isa = PBXFrameworksBuildPhase;
			buildActionMask = 2147483647;
			files = (
			);
			runOnlyForDeploymentPostprocessing = 0;
		};
/* End PBXFrameworksBuildPhase section */

/* Begin PBXGroup section */
		ECD48FB32057FF4100A7D5FF = {
			isa = PBXGroup;
			children = (
				ECD48FBE2057FF4100A7D5FF /* StackUI */,
				ECD48FBD2057FF4100A7D5FF /* Products */,
			);
			sourceTree = "<group>";
		};
		ECD48FBD2057FF4100A7D5FF /* Products */ = {
			isa = PBXGroup;
			children = (
				ECD48FBC2057FF4100A7D5FF /* StackUI.app */,
			);
			name = Products;
			sourceTree = "<group>";
		};
		ECD48FBE2057FF4100A7D5FF /* StackUI */ = {
			isa = PBXGroup;
			children = (
				ECD48FBF2057FF4100A7D5FF /* AppDelegate.swift */,
				ECD48FC12057FF4100A7D5FF /* ViewController.swift */,
				ECD48FC32057FF4100A7D5FF /* Main.storyboard */,
				ECD48FC62057FF4100A7D5FF /* Assets.xcassets */,
				ECD48FC82057FF4100A7D5FF /* LaunchScreen.storyboard */,
				ECD48FCB2057FF4100A7D5FF /* Info.plist */,
			);
			path = StackUI;
			sourceTree = "<group>";
		};
/* End PBXGroup section */

/* Begin PBXNativeTarget section */
		ECD48FBB2057FF4100A7D5FF /* StackUI */ = {
			isa = PBXNativeTarget;
			buildConfigurationList = ECD48FCE2057FF4100A7D5FF /* Build configuration list for PBXNativeTarget "StackUI" */;
			buildPhases = (
				ECD48FB82057FF4100A7D5FF /* Sources */,
				ECD48FB92057FF4100A7D5FF /* Frameworks */,
				ECD48FBA2057FF4100A7D5FF /* Resources */,
			);
			buildRules = (
			);
			dependencies = (
			);
			name = StackUI;
			productName = StackUI;
			productReference = ECD48FBC2057FF4100A7D5FF /* StackUI.app */;
			productType = "com.apple.product-type.application";
		};
/* End PBXNativeTarget section */

/* Begin PBXProject section */
		ECD48FB42057FF4100A7D5FF /* Project object */ = {
			isa = PBXProject;
			attributes = {
				LastSwiftUpdateCheck = 0910;
				LastUpgradeCheck = 0910;
				ORGANIZATIONNAME = "黃以諾";
				TargetAttributes = {
					ECD48FBB2057FF4100A7D5FF = {
						CreatedOnToolsVersion = 9.1;
						ProvisioningStyle = Automatic;
					};
				};
			};
			buildConfigurationList = ECD48FB72057FF4100A7D5FF /* Build configuration list for PBXProject "StackUI" */;
			compatibilityVersion = "Xcode 8.0";
			developmentRegion = en;
			hasScannedForEncodings = 0;
			knownRegions = (
				en,
				Base,
			);
			mainGroup = ECD48FB32057FF4100A7D5FF;
			productRefGroup = ECD48FBD2057FF4100A7D5FF /* Products */;
			projectDirPath = "";
			projectRoot = "";
			targets = (
				ECD48FBB2057FF4100A7D5FF /* StackUI */,
			);
		};
/* End PBXProject section */

/* Begin PBXResourcesBuildPhase section */
		ECD48FBA2057FF4100A7D5FF /* Resources */ = {
			isa = PBXResourcesBuildPhase;
			buildActionMask = 2147483647;
			files = (
				ECD48FCA2057FF4100A7D5FF /* LaunchScreen.storyboard in Resources */,
				ECD48FC72057FF4100A7D5FF /* Assets.xcassets in Resources */,
				ECD48FC52057FF4100A7D5FF /* Main.storyboard in Resources */,
			);
			runOnlyForDeploymentPostprocessing = 0;
		};
/* End PBXResourcesBuildPhase section */

/* Begin PBXSourcesBuildPhase section */
		ECD48FB82057FF4100A7D5FF /* Sources */ = {
			isa = PBXSourcesBuildPhase;
			buildActionMask = 2147483647;
			files = (
				ECD48FC22057FF4100A7D5FF /* ViewController.swift in Sources */,
				ECD48FC02057FF4100A7D5FF /* AppDelegate.swift in Sources */,
			);
			runOnlyForDeploymentPostprocessing = 0;
		};
/* End PBXSourcesBuildPhase section */

/* Begin PBXVariantGroup section */
		ECD48FC32057FF4100A7D5FF /* Main.storyboard */ = {
			isa = PBXVariantGroup;
			children = (
				ECD48FC42057FF4100A7D5FF /* Base */,
			);
			name = Main.storyboard;
			sourceTree = "<group>";
		};
		ECD48FC82057FF4100A7D5FF /* LaunchScreen.storyboard */ = {
			isa = PBXVariantGroup;
			children = (
				ECD48FC92057FF4100A7D5FF /* Base */,
			);
			name = LaunchScreen.storyboard;
			sourceTree = "<group>";
		};
/* End PBXVariantGroup section */

/* Begin XCBuildConfiguration section */
		ECD48FCC2057FF4100A7D5FF /* Debug */ = {
			isa = XCBuildConfiguration;
			buildSettings = {
				ALWAYS_SEARCH_USER_PATHS = NO;
				CLANG_ANALYZER_NONNULL = YES;
				CLANG_ANALYZER_NUMBER_OBJECT_CONVERSION = YES_AGGRESSIVE;
				CLANG_CXX_LANGUAGE_STANDARD = "gnu++14";
				CLANG_CXX_LIBRARY = "libc++";
				CLANG_ENABLE_MODULES = YES;
				CLANG_ENABLE_OBJC_ARC = YES;
				CLANG_WARN_BLOCK_CAPTURE_AUTORELEASING = YES;
				CLANG_WARN_BOOL_CONVERSION = YES;
				CLANG_WARN_COMMA = YES;
				CLANG_WARN_CONSTANT_CONVERSION = YES;
				CLANG_WARN_DIRECT_OBJC_ISA_USAGE = YES_ERROR;
				CLANG_WARN_DOCUMENTATION_COMMENTS = YES;
				CLANG_WARN_EMPTY_BODY = YES;
				CLANG_WARN_ENUM_CONVERSION = YES;
				CLANG_WARN_INFINITE_RECURSION = YES;
				CLANG_WARN_INT_CONVERSION = YES;
				CLANG_WARN_NON_LITERAL_NULL_CONVERSION = YES;
				CLANG_WARN_OBJC_LITERAL_CONVERSION = YES;
				CLANG_WARN_OBJC_ROOT_CLASS = YES_ERROR;
				CLANG_WARN_RANGE_LOOP_ANALYSIS = YES;
				CLANG_WARN_STRICT_PROTOTYPES = YES;
				CLANG_WARN_SUSPICIOUS_MOVE = YES;
				CLANG_WARN_UNGUARDED_AVAILABILITY = YES_AGGRESSIVE;
				CLANG_WARN_UNREACHABLE_CODE = YES;
				CLANG_WARN__DUPLICATE_METHOD_MATCH = YES;
				CODE_SIGN_IDENTITY = "iPhone Developer";
				COPY_PHASE_STRIP = NO;
				DEBUG_INFORMATION_FORMAT = dwarf;
				ENABLE_STRICT_OBJC_MSGSEND = YES;
				ENABLE_TESTABILITY = YES;
				GCC_C_LANGUAGE_STANDARD = gnu11;
				GCC_DYNAMIC_NO_PIC = NO;
				GCC_NO_COMMON_BLOCKS = YES;
				GCC_OPTIMIZATION_LEVEL = 0;
				GCC_PREPROCESSOR_DEFINITIONS = (
					"DEBUG=1",
					"$(inherited)",
				);
				GCC_WARN_64_TO_32_BIT_CONVERSION = YES;
				GCC_WARN_ABOUT_RETURN_TYPE = YES_ERROR;
				GCC_WARN_UNDECLARED_SELECTOR = YES;
				GCC_WARN_UNINITIALIZED_AUTOS = YES_AGGRESSIVE;
				GCC_WARN_UNUSED_FUNCTION = YES;
				GCC_WARN_UNUSED_VARIABLE = YES;
				IPHONEOS_DEPLOYMENT_TARGET = 11.1;
				MTL_ENABLE_DEBUG_INFO = YES;
				ONLY_ACTIVE_ARCH = YES;
				SDKROOT = iphoneos;
				SWIFT_ACTIVE_COMPILATION_CONDITIONS = DEBUG;
				SWIFT_OPTIMIZATION_LEVEL = "-Onone";
			};
			name = Debug;
		};
		ECD48FCD2057FF4100A7D5FF /* Release */ = {
			isa = XCBuildConfiguration;
			buildSettings = {
				ALWAYS_SEARCH_USER_PATHS = NO;
				CLANG_ANALYZER_NONNULL = YES;
				CLANG_ANALYZER_NUMBER_OBJECT_CONVERSION = YES_AGGRESSIVE;
				CLANG_CXX_LANGUAGE_STANDARD = "gnu++14";
				CLANG_CXX_LIBRARY = "libc++";
				CLANG_ENABLE_MODULES = YES;
				CLANG_ENABLE_OBJC_ARC = YES;
				CLANG_WARN_BLOCK_CAPTURE_AUTORELEASING = YES;
				CLANG_WARN_BOOL_CONVERSION = YES;
				CLANG_WARN_COMMA = YES;
				CLANG_WARN_CONSTANT_CONVERSION = YES;
				CLANG_WARN_DIRECT_OBJC_ISA_USAGE = YES_ERROR;
				CLANG_WARN_DOCUMENTATION_COMMENTS = YES;
				CLANG_WARN_EMPTY_BODY = YES;
				CLANG_WARN_ENUM_CONVERSION = YES;
				CLANG_WARN_INFINITE_RECURSION = YES;
				CLANG_WARN_INT_CONVERSION = YES;
				CLANG_WARN_NON_LITERAL_NULL_CONVERSION = YES;
				CLANG_WARN_OBJC_LITERAL_CONVERSION = YES;
				CLANG_WARN_OBJC_ROOT_CLASS = YES_ERROR;
				CLANG_WARN_RANGE_LOOP_ANALYSIS = YES;
				CLANG_WARN_STRICT_PROTOTYPES = YES;
				CLANG_WARN_SUSPICIOUS_MOVE = YES;
				CLANG_WARN_UNGUARDED_AVAILABILITY = YES_AGGRESSIVE;
				CLANG_WARN_UNREACHABLE_CODE = YES;
				CLANG_WARN__DUPLICATE_METHOD_MATCH = YES;
				CODE_SIGN_IDENTITY = "iPhone Developer";
				COPY_PHASE_STRIP = NO;
				DEBUG_INFORMATION_FORMAT = "dwarf-with-dsym";
				ENABLE_NS_ASSERTIONS = NO;
				ENABLE_STRICT_OBJC_MSGSEND = YES;
				GCC_C_LANGUAGE_STANDARD = gnu11;
				GCC_NO_COMMON_BLOCKS = YES;
				GCC_WARN_64_TO_32_BIT_CONVERSION = YES;
				GCC_WARN_ABOUT_RETURN_TYPE = YES_ERROR;
				GCC_WARN_UNDECLARED_SELECTOR = YES;
				GCC_WARN_UNINITIALIZED_AUTOS = YES_AGGRESSIVE;
				GCC_WARN_UNUSED_FUNCTION = YES;
				GCC_WARN_UNUSED_VARIABLE = YES;
				IPHONEOS_DEPLOYMENT_TARGET = 11.1;
				MTL_ENABLE_DEBUG_INFO = NO;
				SDKROOT = iphoneos;
				SWIFT_OPTIMIZATION_LEVEL = "-Owholemodule";
				VALIDATE_PRODUCT = YES;
			};
			name = Release;
		};
		ECD48FCF2057FF4100A7D5FF /* Debug */ = {
			isa = XCBuildConfiguration;
			buildSettings = {
				ASSETCATALOG_COMPILER_APPICON_NAME = AppIcon;
				CODE_SIGN_STYLE = Automatic;
				DEVELOPMENT_TEAM = M3FNV67WZ3;
				INFOPLIST_FILE = StackUI/Info.plist;
				LD_RUNPATH_SEARCH_PATHS = "$(inherited) @executable_path/Frameworks";
				PRODUCT_BUNDLE_IDENTIFIER = com.austin.StackUI;
				PRODUCT_NAME = "$(TARGET_NAME)";
				SWIFT_VERSION = 4.0;
				TARGETED_DEVICE_FAMILY = "1,2";
			};
			name = Debug;
		};
		ECD48FD02057FF4100A7D5FF /* Release */ = {
			isa = XCBuildConfiguration;
			buildSettings = {
				ASSETCATALOG_COMPILER_APPICON_NAME = AppIcon;
				CODE_SIGN_STYLE = Automatic;
				DEVELOPMENT_TEAM = M3FNV67WZ3;
				INFOPLIST_FILE = StackUI/Info.plist;
				LD_RUNPATH_SEARCH_PATHS = "$(inherited) @executable_path/Frameworks";
				PRODUCT_BUNDLE_IDENTIFIER = com.austin.StackUI;
				PRODUCT_NAME = "$(TARGET_NAME)";
				SWIFT_VERSION = 4.0;
				TARGETED_DEVICE_FAMILY = "1,2";
			};
			name = Release;
		};
/* End XCBuildConfiguration section */

/* Begin XCConfigurationList section */
		ECD48FB72057FF4100A7D5FF /* Build configuration list for PBXProject "StackUI" */ = {
			isa = XCConfigurationList;
			buildConfigurations = (
				ECD48FCC2057FF4100A7D5FF /* Debug */,
				ECD48FCD2057FF4100A7D5FF /* Release */,
			);
			defaultConfigurationIsVisible = 0;
			defaultConfigurationName = Release;
		};
		ECD48FCE2057FF4100A7D5FF /* Build configuration list for PBXNativeTarget "StackUI" */ = {
			isa = XCConfigurationList;
			buildConfigurations = (
				ECD48FCF2057FF4100A7D5FF /* Debug */,
				ECD48FD02057FF4100A7D5FF /* Release */,
			);
			defaultConfigurationIsVisible = 0;
			defaultConfigurationName = Release;
		};
/* End XCConfigurationList section */
	};
	rootObject = ECD48FB42057FF4100A7D5FF /* Project object */;
}
